# This file is generated by running "yarn install" inside your project.
# Manual changes might be lost - proceed with caution!

__metadata:
  version: 4
  cacheKey: 7

"bootstrap@npm:^4.4.1":
  version: 4.6.0
  resolution: "bootstrap@npm:4.6.0"
  peerDependencies:
    jquery: 1.9.1 - 3
    popper.js: ^1.16.1
  checksum: 66019b6969b997eb3bcec7276010263df643b2607db00dbbd13f451d6f6d57fa5b563cd9712a4814024e5489faf5e2d73c553a1ebea1b61d0e1ab766e4805229
  languageName: node
  linkType: hard

"dom-walk@npm:^0.1.0":
  version: 0.1.2
  resolution: "dom-walk@npm:0.1.2"
  checksum: 948c7527f3798cae9d7039cc0e5dc9f013ebd701d7d99478bac79d7d9eb8b81e7b6e836526e21ed9b156466b268e30ea0f2d5b72df955fabec3ce2aa7dc0086e
  languageName: node
  linkType: hard

"global@npm:^4.4.0":
  version: 4.4.0
  resolution: "global@npm:4.4.0"
  dependencies:
    min-document: ^2.19.0
    process: ^0.11.10
  checksum: da0cf92ef034b63cf4d0fe5e14cb71bc4c748b8c1bbeabe4061443562ba8e9027774f8074e66543fa98f0d965da6d11e0861e3bf8c628b7ab19220e8ee18cc71
  languageName: node
  linkType: hard

"jquery@npm:^3.5.0":
  version: 3.6.0
  resolution: "jquery@npm:3.6.0"
  checksum: a0a819022a1bdff5efa79bbd9d4d7352de5bd32dabe42108e6ec0797238dba36c09c108e0eea2724f5d03acc1b30ee87d76bec80e15b9510106532292ebe6ba4
  languageName: node
  linkType: hard

"min-document@npm:^2.19.0":
  version: 2.19.0
  resolution: "min-document@npm:2.19.0"
  dependencies:
    dom-walk: ^0.1.0
  checksum: 8da883996e00a53729e867dad45a358c6d8b3b55f2473a20768c1a2b4642d0983bc61827cf29eb98c53d7290c2a1a74a5cba60873857da416bdfae09bf73bb21
  languageName: node
  linkType: hard

"normalize.css@npm:^8.0.1":
  version: 8.0.1
  resolution: "normalize.css@npm:8.0.1"
  checksum: de6c137a14291c00fee60a1e9e9ab4b78f93d48dd7ab5baa2783dd62bf19b456403bf0585ad201bb84ed184348fd49b467ccfc707068bf342123d00d31801e98
  languageName: node
  linkType: hard

"popper.js@npm:^1.16.0":
  version: 1.16.1
  resolution: "popper.js@npm:1.16.1"
  checksum: eb53806fb7680e31c7d1db096f95438a40a7cb869f7ee0e27100c0860f11583a0d322606c6073618e7fe8865f834ec36482901b547256d9a0cf2b22434bca75d
  languageName: node
  linkType: hard

"process@npm:^0.11.10":
  version: 0.11.10
  resolution: "process@npm:0.11.10"
  checksum: ed93a85e9185b40fb01788c588a87c1a9da0eb925ef7cebebbe1b8bbf0eba1802130366603a29e3b689c116969d4fe018de6aed3474bbeb5aefb3716b85d6449
  languageName: node
  linkType: hard

"purecss@npm:^1.0.1":
  version: 1.0.1
  resolution: "purecss@npm:1.0.1"
  checksum: 6ff4302362df627987031b6ce3ae6d0171638b10948e6954bec61ad22ec96e1ad2aa70c4246e2437463b81912d3d177748184a69db080fdedde898e44e701100
  languageName: node
  linkType: hard

"slim-skeleton@workspace:.":
  version: 0.0.0-use.local
  resolution: "slim-skeleton@workspace:."
  dependencies:
    bootstrap: ^4.4.1
    global: ^4.4.0
    jquery: ^3.5.0
    normalize.css: ^8.0.1
    popper.js: ^1.16.0
    purecss: ^1.0.1
  languageName: unknown
  linkType: soft
